
Microsoft Visual Studio Solution File, Format Version 12.00
# Visual Studio Version 16
VisualStudioVersion = 16.0.29709.97
MinimumVisualStudioVersion = 10.0.40219.1
Project("{FAE04EC0-301F-11D3-BF4B-00C04F79EFBC}") = "CompraInvest", "CompraInvest\CompraInvest.csproj", "{E6D5BD01-EC18-4C50-B24B-13C0342D768F}"
EndProject
Global
	GlobalSection(SolutionConfigurationPlatforms) = preSolution
		Debug|Any CPU = Debug|Any CPU
		Release|Any CPU = Release|Any CPU
	EndGlobalSection
	GlobalSection(ProjectConfigurationPlatforms) = postSolution
		{E6D5BD01-EC18-4C50-B24B-13C0342D768F}.Debug|Any CPU.ActiveCfg = Debug|Any CPU
		{E6D5BD01-EC18-4C50-B24B-13C0342D768F}.Debug|Any CPU.Build.0 = Debug|Any CPU
		{E6D5BD01-EC18-4C50-B24B-13C0342D768F}.Release|Any CPU.ActiveCfg = Release|Any CPU
		{E6D5BD01-EC18-4C50-B24B-13C0342D768F}.Release|Any CPU.Build.0 = Release|Any CPU
	EndGlobalSection
	GlobalSection(SolutionProperties) = preSolution
		HideSolutionNode = FALSE
	EndGlobalSection
	GlobalSection(ExtensibilityGlobals) = postSolution
		SolutionGuid = {F08D5BA3-58DA-4A85-9510-5FF2D8C02832}
	EndGlobalSection
EndGlobal
